
Microsoft Visual Studio Solution File, Format Version 12.00
# Visual Studio Version 17
VisualStudioVersion = 17.2.32630.192
MinimumVisualStudioVersion = 10.0.40219.1
Project("{2150E333-8FDC-42A3-9474-1A3956D46DE8}") = "Src", "Src", "{6429478B-7319-41BB-8B74-CD663D048E8E}"
EndProject
Project("{2150E333-8FDC-42A3-9474-1A3956D46DE8}") = "Doc", "Doc", "{5B0A8564-093C-4315-9372-6A68948B6906}"
EndProject
Project("{2150E333-8FDC-42A3-9474-1A3956D46DE8}") = "Test", "Test", "{CB860513-E0D8-41FB-BA14-169BCF431C77}"
EndProject
Project("{2150E333-8FDC-42A3-9474-1A3956D46DE8}") = "Shared", "Shared", "{653DD867-6D1D-4247-8B61-1DB5F9120622}"
EndProject
Project("{2150E333-8FDC-42A3-9474-1A3956D46DE8}") = "Infrastructure", "Infrastructure", "{DD5BA526-3CED-45BE-911F-6C019613E55B}"
EndProject
Project("{2150E333-8FDC-42A3-9474-1A3956D46DE8}") = "Data Access Layer", "Data Access Layer", "{7818490F-82E8-43B0-B8F6-37F4DDB5CE9E}"
EndProject
Project("{2150E333-8FDC-42A3-9474-1A3956D46DE8}") = "Domain Models", "Domain Models", "{2A20D819-D79E-4E5A-8B8E-6571749AF084}"
EndProject
Project("{9A19103F-16F7-4668-BE54-9A1E7A4F7556}") = "Persistence", "Persistence\Persistence.csproj", "{87E7CF14-234E-4407-A51F-F4CF91D50953}"
EndProject
Project("{9A19103F-16F7-4668-BE54-9A1E7A4F7556}") = "Domain", "Domain\Domain.csproj", "{5104E989-96C8-48CC-8D65-3CB44F3E0B7C}"
EndProject
Project("{2150E333-8FDC-42A3-9474-1A3956D46DE8}") = "Common", "Common", "{573D145B-0F32-4B75-B54C-EA8A972A9E07}"
EndProject
Project("{9A19103F-16F7-4668-BE54-9A1E7A4F7556}") = "Common", "Common\Common.csproj", "{E51E42C2-B0B2-4C1A-A158-4313ADC624A1}"
EndProject
Project("{2150E333-8FDC-42A3-9474-1A3956D46DE8}") = "Core", "Core", "{58ECEB90-6D95-4AAB-A654-B2826446EE1F}"
EndProject
Project("{9A19103F-16F7-4668-BE54-9A1E7A4F7556}") = "Application", "Application\Application.csproj", "{9863686A-CBE1-4FC8-B560-76992BDF6965}"
EndProject
Project("{2150E333-8FDC-42A3-9474-1A3956D46DE8}") = "Presentation", "Presentation", "{51D59642-2D15-447C-9A07-B5ED4D154E40}"
EndProject
Project("{9A19103F-16F7-4668-BE54-9A1E7A4F7556}") = "EndPoint.Site.Server", "EndPoint.Site\Server\EndPoint.Site.Server.csproj", "{D46E9352-DFC4-4C05-A3F3-6D3304087BD7}"
EndProject
Project("{9A19103F-16F7-4668-BE54-9A1E7A4F7556}") = "EndPoint.Site.Client", "EndPoint.Site\Client\EndPoint.Site.Client.csproj", "{B3B7FBAC-5184-444D-AF4A-9A341D492C79}"
EndProject
Project("{9A19103F-16F7-4668-BE54-9A1E7A4F7556}") = "EndPoint.Site.Shared", "EndPoint.Site\Shared\EndPoint.Site.Shared.csproj", "{D933B8DF-DB47-4E57-BD50-ECFC073CD8D9}"
EndProject
Global
	GlobalSection(SolutionConfigurationPlatforms) = preSolution
		Debug|Any CPU = Debug|Any CPU
		Release|Any CPU = Release|Any CPU
	EndGlobalSection
	GlobalSection(ProjectConfigurationPlatforms) = postSolution
		{87E7CF14-234E-4407-A51F-F4CF91D50953}.Debug|Any CPU.ActiveCfg = Debug|Any CPU
		{87E7CF14-234E-4407-A51F-F4CF91D50953}.Debug|Any CPU.Build.0 = Debug|Any CPU
		{87E7CF14-234E-4407-A51F-F4CF91D50953}.Release|Any CPU.ActiveCfg = Release|Any CPU
		{87E7CF14-234E-4407-A51F-F4CF91D50953}.Release|Any CPU.Build.0 = Release|Any CPU
		{5104E989-96C8-48CC-8D65-3CB44F3E0B7C}.Debug|Any CPU.ActiveCfg = Debug|Any CPU
		{5104E989-96C8-48CC-8D65-3CB44F3E0B7C}.Debug|Any CPU.Build.0 = Debug|Any CPU
		{5104E989-96C8-48CC-8D65-3CB44F3E0B7C}.Release|Any CPU.ActiveCfg = Release|Any CPU
		{5104E989-96C8-48CC-8D65-3CB44F3E0B7C}.Release|Any CPU.Build.0 = Release|Any CPU
		{E51E42C2-B0B2-4C1A-A158-4313ADC624A1}.Debug|Any CPU.ActiveCfg = Debug|Any CPU
		{E51E42C2-B0B2-4C1A-A158-4313ADC624A1}.Debug|Any CPU.Build.0 = Debug|Any CPU
		{E51E42C2-B0B2-4C1A-A158-4313ADC624A1}.Release|Any CPU.ActiveCfg = Release|Any CPU
		{E51E42C2-B0B2-4C1A-A158-4313ADC624A1}.Release|Any CPU.Build.0 = Release|Any CPU
		{9863686A-CBE1-4FC8-B560-76992BDF6965}.Debug|Any CPU.ActiveCfg = Debug|Any CPU
		{9863686A-CBE1-4FC8-B560-76992BDF6965}.Debug|Any CPU.Build.0 = Debug|Any CPU
		{9863686A-CBE1-4FC8-B560-76992BDF6965}.Release|Any CPU.ActiveCfg = Release|Any CPU
		{9863686A-CBE1-4FC8-B560-76992BDF6965}.Release|Any CPU.Build.0 = Release|Any CPU
		{D46E9352-DFC4-4C05-A3F3-6D3304087BD7}.Debug|Any CPU.ActiveCfg = Debug|Any CPU
		{D46E9352-DFC4-4C05-A3F3-6D3304087BD7}.Debug|Any CPU.Build.0 = Debug|Any CPU
		{D46E9352-DFC4-4C05-A3F3-6D3304087BD7}.Release|Any CPU.ActiveCfg = Release|Any CPU
		{D46E9352-DFC4-4C05-A3F3-6D3304087BD7}.Release|Any CPU.Build.0 = Release|Any CPU
		{B3B7FBAC-5184-444D-AF4A-9A341D492C79}.Debug|Any CPU.ActiveCfg = Debug|Any CPU
		{B3B7FBAC-5184-444D-AF4A-9A341D492C79}.Debug|Any CPU.Build.0 = Debug|Any CPU
		{B3B7FBAC-5184-444D-AF4A-9A341D492C79}.Release|Any CPU.ActiveCfg = Release|Any CPU
		{B3B7FBAC-5184-444D-AF4A-9A341D492C79}.Release|Any CPU.Build.0 = Release|Any CPU
		{D933B8DF-DB47-4E57-BD50-ECFC073CD8D9}.Debug|Any CPU.ActiveCfg = Debug|Any CPU
		{D933B8DF-DB47-4E57-BD50-ECFC073CD8D9}.Debug|Any CPU.Build.0 = Debug|Any CPU
		{D933B8DF-DB47-4E57-BD50-ECFC073CD8D9}.Release|Any CPU.ActiveCfg = Release|Any CPU
		{D933B8DF-DB47-4E57-BD50-ECFC073CD8D9}.Release|Any CPU.Build.0 = Release|Any CPU
	EndGlobalSection
	GlobalSection(SolutionProperties) = preSolution
		HideSolutionNode = FALSE
	EndGlobalSection
	GlobalSection(NestedProjects) = preSolution
		{653DD867-6D1D-4247-8B61-1DB5F9120622} = {6429478B-7319-41BB-8B74-CD663D048E8E}
		{DD5BA526-3CED-45BE-911F-6C019613E55B} = {6429478B-7319-41BB-8B74-CD663D048E8E}
		{7818490F-82E8-43B0-B8F6-37F4DDB5CE9E} = {DD5BA526-3CED-45BE-911F-6C019613E55B}
		{2A20D819-D79E-4E5A-8B8E-6571749AF084} = {DD5BA526-3CED-45BE-911F-6C019613E55B}
		{87E7CF14-234E-4407-A51F-F4CF91D50953} = {7818490F-82E8-43B0-B8F6-37F4DDB5CE9E}
		{5104E989-96C8-48CC-8D65-3CB44F3E0B7C} = {2A20D819-D79E-4E5A-8B8E-6571749AF084}
		{573D145B-0F32-4B75-B54C-EA8A972A9E07} = {653DD867-6D1D-4247-8B61-1DB5F9120622}
		{E51E42C2-B0B2-4C1A-A158-4313ADC624A1} = {573D145B-0F32-4B75-B54C-EA8A972A9E07}
		{58ECEB90-6D95-4AAB-A654-B2826446EE1F} = {6429478B-7319-41BB-8B74-CD663D048E8E}
		{9863686A-CBE1-4FC8-B560-76992BDF6965} = {58ECEB90-6D95-4AAB-A654-B2826446EE1F}
		{51D59642-2D15-447C-9A07-B5ED4D154E40} = {6429478B-7319-41BB-8B74-CD663D048E8E}
		{D46E9352-DFC4-4C05-A3F3-6D3304087BD7} = {51D59642-2D15-447C-9A07-B5ED4D154E40}
		{B3B7FBAC-5184-444D-AF4A-9A341D492C79} = {51D59642-2D15-447C-9A07-B5ED4D154E40}
		{D933B8DF-DB47-4E57-BD50-ECFC073CD8D9} = {51D59642-2D15-447C-9A07-B5ED4D154E40}
	EndGlobalSection
	GlobalSection(ExtensibilityGlobals) = postSolution
		SolutionGuid = {ED5A15A1-A1E8-4408-888D-60475A1C3D0C}
	EndGlobalSection
EndGlobal
